
Microsoft Visual Studio Solution File, Format Version 12.00
# Visual Studio Version 17
VisualStudioVersion = 17.13.35825.156 d17.13
MinimumVisualStudioVersion = 10.0.40219.1
Project("{8BC9CEB8-8B4A-11D0-8D11-00A0C91BC942}") = "DrawCircle", "DrawCircle\DrawCircle.vcxproj", "{2197780D-16C2-473C-9F66-363B7CA5A141}"
EndProject
Global
	GlobalSection(SolutionConfigurationPlatforms) = preSolution
		Debug|x64 = Debug|x64
		Debug|x86 = Debug|x86
		Release|x64 = Release|x64
		Release|x86 = Release|x86
	EndGlobalSection
	GlobalSection(ProjectConfigurationPlatforms) = postSolution
		{2197780D-16C2-473C-9F66-363B7CA5A141}.Debug|x64.ActiveCfg = Debug|x64
		{2197780D-16C2-473C-9F66-363B7CA5A141}.Debug|x64.Build.0 = Debug|x64
		{2197780D-16C2-473C-9F66-363B7CA5A141}.Debug|x86.ActiveCfg = Debug|Win32
		{2197780D-16C2-473C-9F66-363B7CA5A141}.Debug|x86.Build.0 = Debug|Win32
		{2197780D-16C2-473C-9F66-363B7CA5A141}.Release|x64.ActiveCfg = Release|x64
		{2197780D-16C2-473C-9F66-363B7CA5A141}.Release|x64.Build.0 = Release|x64
		{2197780D-16C2-473C-9F66-363B7CA5A141}.Release|x86.ActiveCfg = Release|Win32
		{2197780D-16C2-473C-9F66-363B7CA5A141}.Release|x86.Build.0 = Release|Win32
	EndGlobalSection
	GlobalSection(SolutionProperties) = preSolution
		HideSolutionNode = FALSE
	EndGlobalSection
	GlobalSection(ExtensibilityGlobals) = postSolution
		SolutionGuid = {78A49B83-2735-44BC-A0DC-8819F5AD7D27}
	EndGlobalSection
EndGlobal
